// !$*UTF8*$!
{
	archiveVersion = 1;
	classes = {
	};
	objectVersion = 46;
	objects = {

/* Begin PBXBuildFile section */
		3CF213B51E67468A008B50BB /* AppDelegate.swift in Sources */ = {isa = PBXBuildFile; fileRef = 3CF213B41E67468A008B50BB /* AppDelegate.swift */; };
		3CF213B71E67468A008B50BB /* ViewController.swift in Sources */ = {isa = PBXBuildFile; fileRef = 3CF213B61E67468A008B50BB /* ViewController.swift */; };
		3CF213BA1E67468A008B50BB /* Main.storyboard in Resources */ = {isa = PBXBuildFile; fileRef = 3CF213B81E67468A008B50BB /* Main.storyboard */; };
		3CF213BC1E67468A008B50BB /* Assets.xcassets in Resources */ = {isa = PBXBuildFile; fileRef = 3CF213BB1E67468A008B50BB /* Assets.xcassets */; };
		3CF213BF1E67468A008B50BB /* LaunchScreen.storyboard in Resources */ = {isa = PBXBuildFile; fileRef = 3CF213BD1E67468A008B50BB /* LaunchScreen.storyboard */; };
		3CF213C91E674702008B50BB /* PagerController.swift in Sources */ = {isa = PBXBuildFile; fileRef = 3CF213C81E674702008B50BB /* PagerController.swift */; };
		3CF213D01E674710008B50BB /* OffersViewController.swift in Sources */ = {isa = PBXBuildFile; fileRef = 3CF213CA1E674710008B50BB /* OffersViewController.swift */; };
		3CF213D11E674710008B50BB /* BurgersViewController.swift in Sources */ = {isa = PBXBuildFile; fileRef = 3CF213CB1E674710008B50BB /* BurgersViewController.swift */; };
		3CF213D21E674710008B50BB /* ShakesViewController.swift in Sources */ = {isa = PBXBuildFile; fileRef = 3CF213CC1E674710008B50BB /* ShakesViewController.swift */; };
		3CF213D31E674710008B50BB /* BiryaniViewController.swift in Sources */ = {isa = PBXBuildFile; fileRef = 3CF213CD1E674710008B50BB /* BiryaniViewController.swift */; };
		3CF213D41E674710008B50BB /* SnacksViewController.swift in Sources */ = {isa = PBXBuildFile; fileRef = 3CF213CE1E674710008B50BB /* SnacksViewController.swift */; };
		3CF213D51E674710008B50BB /* universalVar.swift in Sources */ = {isa = PBXBuildFile; fileRef = 3CF213CF1E674710008B50BB /* universalVar.swift */; };
		3CF213D71E67471A008B50BB /* Extensions.swift in Sources */ = {isa = PBXBuildFile; fileRef = 3CF213D61E67471A008B50BB /* Extensions.swift */; };
/* End PBXBuildFile section */

/* Begin PBXFileReference section */
		3CF213B11E67468A008B50BB /* Burger_king.app */ = {isa = PBXFileReference; explicitFileType = wrapper.application; includeInIndex = 0; path = Burger_king.app; sourceTree = BUILT_PRODUCTS_DIR; };
		3CF213B41E67468A008B50BB /* AppDelegate.swift */ = {isa = PBXFileReference; lastKnownFileType = sourcecode.swift; path = AppDelegate.swift; sourceTree = "<group>"; };
		3CF213B61E67468A008B50BB /* ViewController.swift */ = {isa = PBXFileReference; lastKnownFileType = sourcecode.swift; path = ViewController.swift; sourceTree = "<group>"; };
		3CF213B91E67468A008B50BB /* Base */ = {isa = PBXFileReference; lastKnownFileType = file.storyboard; name = Base; path = Base.lproj/Main.storyboard; sourceTree = "<group>"; };
		3CF213BB1E67468A008B50BB /* Assets.xcassets */ = {isa = PBXFileReference; lastKnownFileType = folder.assetcatalog; path = Assets.xcassets; sourceTree = "<group>"; };
		3CF213BE1E67468A008B50BB /* Base */ = {isa = PBXFileReference; lastKnownFileType = file.storyboard; name = Base; path = Base.lproj/LaunchScreen.storyboard; sourceTree = "<group>"; };
		3CF213C01E67468A008B50BB /* Info.plist */ = {isa = PBXFileReference; lastKnownFileType = text.plist.xml; path = Info.plist; sourceTree = "<group>"; };
		3CF213C81E674702008B50BB /* PagerController.swift */ = {isa = PBXFileReference; fileEncoding = 4; lastKnownFileType = sourcecode.swift; path = PagerController.swift; sourceTree = "<group>"; };
		3CF213CA1E674710008B50BB /* OffersViewController.swift */ = {isa = PBXFileReference; fileEncoding = 4; lastKnownFileType = sourcecode.swift; path = OffersViewController.swift; sourceTree = "<group>"; };
		3CF213CB1E674710008B50BB /* BurgersViewController.swift */ = {isa = PBXFileReference; fileEncoding = 4; lastKnownFileType = sourcecode.swift; path = BurgersViewController.swift; sourceTree = "<group>"; };
		3CF213CC1E674710008B50BB /* ShakesViewController.swift */ = {isa = PBXFileReference; fileEncoding = 4; lastKnownFileType = sourcecode.swift; path = ShakesViewController.swift; sourceTree = "<group>"; };
		3CF213CD1E674710008B50BB /* BiryaniViewController.swift */ = {isa = PBXFileReference; fileEncoding = 4; lastKnownFileType = sourcecode.swift; path = BiryaniViewController.swift; sourceTree = "<group>"; };
		3CF213CE1E674710008B50BB /* SnacksViewController.swift */ = {isa = PBXFileReference; fileEncoding = 4; lastKnownFileType = sourcecode.swift; path = SnacksViewController.swift; sourceTree = "<group>"; };
		3CF213CF1E674710008B50BB /* universalVar.swift */ = {isa = PBXFileReference; fileEncoding = 4; lastKnownFileType = sourcecode.swift; path = universalVar.swift; sourceTree = "<group>"; };
		3CF213D61E67471A008B50BB /* Extensions.swift */ = {isa = PBXFileReference; fileEncoding = 4; lastKnownFileType = sourcecode.swift; path = Extensions.swift; sourceTree = "<group>"; };
/* End PBXFileReference section */

/* Begin PBXFrameworksBuildPhase section */
		3CF213AE1E67468A008B50BB /* Frameworks */ = {
			isa = PBXFrameworksBuildPhase;
			buildActionMask = 2147483647;
			files = (
			);
			runOnlyForDeploymentPostprocessing = 0;
		};
/* End PBXFrameworksBuildPhase section */

/* Begin PBXGroup section */
		3CF213A81E67468A008B50BB = {
			isa = PBXGroup;
			children = (
				3CF213B31E67468A008B50BB /* Burger_king */,
				3CF213B21E67468A008B50BB /* Products */,
			);
			sourceTree = "<group>";
		};
		3CF213B21E67468A008B50BB /* Products */ = {
			isa = PBXGroup;
			children = (
				3CF213B11E67468A008B50BB /* Burger_king.app */,
			);
			name = Products;
			sourceTree = "<group>";
		};
		3CF213B31E67468A008B50BB /* Burger_king */ = {
			isa = PBXGroup;
			children = (
				3CF213C71E6746F1008B50BB /* TabClasses */,
				3CF213C61E6746E8008B50BB /* Library */,
				3CF213B41E67468A008B50BB /* AppDelegate.swift */,
				3CF213B61E67468A008B50BB /* ViewController.swift */,
				3CF213D61E67471A008B50BB /* Extensions.swift */,
				3CF213B81E67468A008B50BB /* Main.storyboard */,
				3CF213BB1E67468A008B50BB /* Assets.xcassets */,
				3CF213BD1E67468A008B50BB /* LaunchScreen.storyboard */,
				3CF213C01E67468A008B50BB /* Info.plist */,
			);
			path = Burger_king;
			sourceTree = "<group>";
		};
		3CF213C61E6746E8008B50BB /* Library */ = {
			isa = PBXGroup;
			children = (
				3CF213C81E674702008B50BB /* PagerController.swift */,
			);
			name = Library;
			sourceTree = "<group>";
		};
		3CF213C71E6746F1008B50BB /* TabClasses */ = {
			isa = PBXGroup;
			children = (
				3CF213CA1E674710008B50BB /* OffersViewController.swift */,
				3CF213CB1E674710008B50BB /* BurgersViewController.swift */,
				3CF213CC1E674710008B50BB /* ShakesViewController.swift */,
				3CF213CD1E674710008B50BB /* BiryaniViewController.swift */,
				3CF213CE1E674710008B50BB /* SnacksViewController.swift */,
				3CF213CF1E674710008B50BB /* universalVar.swift */,
			);
			name = TabClasses;
			sourceTree = "<group>";
		};
/* End PBXGroup section */

/* Begin PBXNativeTarget section */
		3CF213B01E67468A008B50BB /* Burger_king */ = {
			isa = PBXNativeTarget;
			buildConfigurationList = 3CF213C31E67468A008B50BB /* Build configuration list for PBXNativeTarget "Burger_king" */;
			buildPhases = (
				3CF213AD1E67468A008B50BB /* Sources */,
				3CF213AE1E67468A008B50BB /* Frameworks */,
				3CF213AF1E67468A008B50BB /* Resources */,
			);
			buildRules = (
			);
			dependencies = (
			);
			name = Burger_king;
			productName = Burger_king;
			productReference = 3CF213B11E67468A008B50BB /* Burger_king.app */;
			productType = "com.apple.product-type.application";
		};
/* End PBXNativeTarget section */

/* Begin PBXProject section */
		3CF213A91E67468A008B50BB /* Project object */ = {
			isa = PBXProject;
			attributes = {
				LastSwiftUpdateCheck = 0820;
				LastUpgradeCheck = 0820;
				ORGANIZATIONNAME = parthanand.com;
				TargetAttributes = {
					3CF213B01E67468A008B50BB = {
						CreatedOnToolsVersion = 8.2.1;
						DevelopmentTeam = CHUA95WJH9;
						ProvisioningStyle = Automatic;
					};
				};
			};
			buildConfigurationList = 3CF213AC1E67468A008B50BB /* Build configuration list for PBXProject "Burger_king" */;
			compatibilityVersion = "Xcode 3.2";
			developmentRegion = English;
			hasScannedForEncodings = 0;
			knownRegions = (
				en,
				Base,
			);
			mainGroup = 3CF213A81E67468A008B50BB;
			productRefGroup = 3CF213B21E67468A008B50BB /* Products */;
			projectDirPath = "";
			projectRoot = "";
			targets = (
				3CF213B01E67468A008B50BB /* Burger_king */,
			);
		};
/* End PBXProject section */

/* Begin PBXResourcesBuildPhase section */
		3CF213AF1E67468A008B50BB /* Resources */ = {
			isa = PBXResourcesBuildPhase;
			buildActionMask = 2147483647;
			files = (
				3CF213BF1E67468A008B50BB /* LaunchScreen.storyboard in Resources */,
				3CF213BC1E67468A008B50BB /* Assets.xcassets in Resources */,
				3CF213BA1E67468A008B50BB /* Main.storyboard in Resources */,
			);
			runOnlyForDeploymentPostprocessing = 0;
		};
/* End PBXResourcesBuildPhase section */

/* Begin PBXSourcesBuildPhase section */
		3CF213AD1E67468A008B50BB /* Sources */ = {
			isa = PBXSourcesBuildPhase;
			buildActionMask = 2147483647;
			files = (
				3CF213C91E674702008B50BB /* PagerController.swift in Sources */,
				3CF213D01E674710008B50BB /* OffersViewController.swift in Sources */,
				3CF213D51E674710008B50BB /* universalVar.swift in Sources */,
				3CF213B71E67468A008B50BB /* ViewController.swift in Sources */,
				3CF213B51E67468A008B50BB /* AppDelegate.swift in Sources */,
				3CF213D71E67471A008B50BB /* Extensions.swift in Sources */,
				3CF213D31E674710008B50BB /* BiryaniViewController.swift in Sources */,
				3CF213D11E674710008B50BB /* BurgersViewController.swift in Sources */,
				3CF213D21E674710008B50BB /* ShakesViewController.swift in Sources */,
				3CF213D41E674710008B50BB /* SnacksViewController.swift in Sources */,
			);
			runOnlyForDeploymentPostprocessing = 0;
		};
/* End PBXSourcesBuildPhase section */

/* Begin PBXVariantGroup section */
		3CF213B81E67468A008B50BB /* Main.storyboard */ = {
			isa = PBXVariantGroup;
			children = (
				3CF213B91E67468A008B50BB /* Base */,
			);
			name = Main.storyboard;
			sourceTree = "<group>";
		};
		3CF213BD1E67468A008B50BB /* LaunchScreen.storyboard */ = {
			isa = PBXVariantGroup;
			children = (
				3CF213BE1E67468A008B50BB /* Base */,
			);
			name = LaunchScreen.storyboard;
			sourceTree = "<group>";
		};
/* End PBXVariantGroup section */

/* Begin XCBuildConfiguration section */
		3CF213C11E67468A008B50BB /* Debug */ = {
			isa = XCBuildConfiguration;
			buildSettings = {
				ALWAYS_SEARCH_USER_PATHS = NO;
				CLANG_ANALYZER_NONNULL = YES;
				CLANG_CXX_LANGUAGE_STANDARD = "gnu++0x";
				CLANG_CXX_LIBRARY = "libc++";
				CLANG_ENABLE_MODULES = YES;
				CLANG_ENABLE_OBJC_ARC = YES;
				CLANG_WARN_BOOL_CONVERSION = YES;
				CLANG_WARN_CONSTANT_CONVERSION = YES;
				CLANG_WARN_DIRECT_OBJC_ISA_USAGE = YES_ERROR;
				CLANG_WARN_DOCUMENTATION_COMMENTS = YES;
				CLANG_WARN_EMPTY_BODY = YES;
				CLANG_WARN_ENUM_CONVERSION = YES;
				CLANG_WARN_INFINITE_RECURSION = YES;
				CLANG_WARN_INT_CONVERSION = YES;
				CLANG_WARN_OBJC_ROOT_CLASS = YES_ERROR;
				CLANG_WARN_SUSPICIOUS_MOVE = YES;
				CLANG_WARN_UNREACHABLE_CODE = YES;
				CLANG_WARN__DUPLICATE_METHOD_MATCH = YES;
				"CODE_SIGN_IDENTITY[sdk=iphoneos*]" = "iPhone Developer";
				COPY_PHASE_STRIP = NO;
				DEBUG_INFORMATION_FORMAT = dwarf;
				ENABLE_STRICT_OBJC_MSGSEND = YES;
				ENABLE_TESTABILITY = YES;
				GCC_C_LANGUAGE_STANDARD = gnu99;
				GCC_DYNAMIC_NO_PIC = NO;
				GCC_NO_COMMON_BLOCKS = YES;
				GCC_OPTIMIZATION_LEVEL = 0;
				GCC_PREPROCESSOR_DEFINITIONS = (
					"DEBUG=1",
					"$(inherited)",
				);
				GCC_WARN_64_TO_32_BIT_CONVERSION = YES;
				GCC_WARN_ABOUT_RETURN_TYPE = YES_ERROR;
				GCC_WARN_UNDECLARED_SELECTOR = YES;
				GCC_WARN_UNINITIALIZED_AUTOS = YES_AGGRESSIVE;
				GCC_WARN_UNUSED_FUNCTION = YES;
				GCC_WARN_UNUSED_VARIABLE = YES;
				IPHONEOS_DEPLOYMENT_TARGET = 10.2;
				MTL_ENABLE_DEBUG_INFO = YES;
				ONLY_ACTIVE_ARCH = YES;
				SDKROOT = iphoneos;
				SWIFT_ACTIVE_COMPILATION_CONDITIONS = DEBUG;
				SWIFT_OPTIMIZATION_LEVEL = "-Onone";
			};
			name = Debug;
		};
		3CF213C21E67468A008B50BB /* Release */ = {
			isa = XCBuildConfiguration;
			buildSettings = {
				ALWAYS_SEARCH_USER_PATHS = NO;
				CLANG_ANALYZER_NONNULL = YES;
				CLANG_CXX_LANGUAGE_STANDARD = "gnu++0x";
				CLANG_CXX_LIBRARY = "libc++";
				CLANG_ENABLE_MODULES = YES;
				CLANG_ENABLE_OBJC_ARC = YES;
				CLANG_WARN_BOOL_CONVERSION = YES;
				CLANG_WARN_CONSTANT_CONVERSION = YES;
				CLANG_WARN_DIRECT_OBJC_ISA_USAGE = YES_ERROR;
				CLANG_WARN_DOCUMENTATION_COMMENTS = YES;
				CLANG_WARN_EMPTY_BODY = YES;
				CLANG_WARN_ENUM_CONVERSION = YES;
				CLANG_WARN_INFINITE_RECURSION = YES;
				CLANG_WARN_INT_CONVERSION = YES;
				CLANG_WARN_OBJC_ROOT_CLASS = YES_ERROR;
				CLANG_WARN_SUSPICIOUS_MOVE = YES;
				CLANG_WARN_UNREACHABLE_CODE = YES;
				CLANG_WARN__DUPLICATE_METHOD_MATCH = YES;
				"CODE_SIGN_IDENTITY[sdk=iphoneos*]" = "iPhone Developer";
				COPY_PHASE_STRIP = NO;
				DEBUG_INFORMATION_FORMAT = "dwarf-with-dsym";
				ENABLE_NS_ASSERTIONS = NO;
				ENABLE_STRICT_OBJC_MSGSEND = YES;
				GCC_C_LANGUAGE_STANDARD = gnu99;
				GCC_NO_COMMON_BLOCKS = YES;
				GCC_WARN_64_TO_32_BIT_CONVERSION = YES;
				GCC_WARN_ABOUT_RETURN_TYPE = YES_ERROR;
				GCC_WARN_UNDECLARED_SELECTOR = YES;
				GCC_WARN_UNINITIALIZED_AUTOS = YES_AGGRESSIVE;
				GCC_WARN_UNUSED_FUNCTION = YES;
				GCC_WARN_UNUSED_VARIABLE = YES;
				IPHONEOS_DEPLOYMENT_TARGET = 10.2;
				MTL_ENABLE_DEBUG_INFO = NO;
				SDKROOT = iphoneos;
				SWIFT_OPTIMIZATION_LEVEL = "-Owholemodule";
				VALIDATE_PRODUCT = YES;
			};
			name = Release;
		};
		3CF213C41E67468A008B50BB /* Debug */ = {
			isa = XCBuildConfiguration;
			buildSettings = {
				ASSETCATALOG_COMPILER_APPICON_NAME = AppIcon;
				DEVELOPMENT_TEAM = CHUA95WJH9;
				INFOPLIST_FILE = Burger_king/Info.plist;
				LD_RUNPATH_SEARCH_PATHS = "$(inherited) @executable_path/Frameworks";
				PRODUCT_BUNDLE_IDENTIFIER = "com.parthanand.Burger-king";
				PRODUCT_NAME = "$(TARGET_NAME)";
				SWIFT_VERSION = 3.0;
			};
			name = Debug;
		};
		3CF213C51E67468A008B50BB /* Release */ = {
			isa = XCBuildConfiguration;
			buildSettings = {
				ASSETCATALOG_COMPILER_APPICON_NAME = AppIcon;
				DEVELOPMENT_TEAM = CHUA95WJH9;
				INFOPLIST_FILE = Burger_king/Info.plist;
				LD_RUNPATH_SEARCH_PATHS = "$(inherited) @executable_path/Frameworks";
				PRODUCT_BUNDLE_IDENTIFIER = "com.parthanand.Burger-king";
				PRODUCT_NAME = "$(TARGET_NAME)";
				SWIFT_VERSION = 3.0;
			};
			name = Release;
		};
/* End XCBuildConfiguration section */

/* Begin XCConfigurationList section */
		3CF213AC1E67468A008B50BB /* Build configuration list for PBXProject "Burger_king" */ = {
			isa = XCConfigurationList;
			buildConfigurations = (
				3CF213C11E67468A008B50BB /* Debug */,
				3CF213C21E67468A008B50BB /* Release */,
			);
			defaultConfigurationIsVisible = 0;
			defaultConfigurationName = Release;
		};
		3CF213C31E67468A008B50BB /* Build configuration list for PBXNativeTarget "Burger_king" */ = {
			isa = XCConfigurationList;
			buildConfigurations = (
				3CF213C41E67468A008B50BB /* Debug */,
				3CF213C51E67468A008B50BB /* Release */,
			);
			defaultConfigurationIsVisible = 0;
		};
/* End XCConfigurationList section */
	};
	rootObject = 3CF213A91E67468A008B50BB /* Project object */;
}
